
Microsoft Visual Studio Solution File, Format Version 12.00
# Visual Studio Version 17
VisualStudioVersion = 17.2.32516.85
MinimumVisualStudioVersion = 10.0.40219.1
Project("{FAE04EC0-301F-11D3-BF4B-00C04F79EFBC}") = "WebFileSystem.Presentation", "WebFileSystem.Presentation\WebFileSystem.Presentation.csproj", "{59C4782A-E108-4243-A781-CF49D798B0EC}"
EndProject
Project("{FAE04EC0-301F-11D3-BF4B-00C04F79EFBC}") = "WebFileSystem.Services", "WebFileSystem.Services\WebFileSystem.Services.csproj", "{4880E600-FF71-4CA8-8023-6357732318E7}"
EndProject
Project("{FAE04EC0-301F-11D3-BF4B-00C04F79EFBC}") = "WebFileSystem.DataAccess", "WebFileSystem.DataAccess\WebFileSystem.DataAccess.csproj", "{7F6A1DAB-5B11-4F4F-8EB8-DB95AF9EB0D1}"
EndProject
Global
	GlobalSection(SolutionConfigurationPlatforms) = preSolution
		Debug|Any CPU = Debug|Any CPU
		Release|Any CPU = Release|Any CPU
	EndGlobalSection
	GlobalSection(ProjectConfigurationPlatforms) = postSolution
		{59C4782A-E108-4243-A781-CF49D798B0EC}.Debug|Any CPU.ActiveCfg = Debug|Any CPU
		{59C4782A-E108-4243-A781-CF49D798B0EC}.Debug|Any CPU.Build.0 = Debug|Any CPU
		{59C4782A-E108-4243-A781-CF49D798B0EC}.Release|Any CPU.ActiveCfg = Release|Any CPU
		{59C4782A-E108-4243-A781-CF49D798B0EC}.Release|Any CPU.Build.0 = Release|Any CPU
		{4880E600-FF71-4CA8-8023-6357732318E7}.Debug|Any CPU.ActiveCfg = Debug|Any CPU
		{4880E600-FF71-4CA8-8023-6357732318E7}.Debug|Any CPU.Build.0 = Debug|Any CPU
		{4880E600-FF71-4CA8-8023-6357732318E7}.Release|Any CPU.ActiveCfg = Release|Any CPU
		{4880E600-FF71-4CA8-8023-6357732318E7}.Release|Any CPU.Build.0 = Release|Any CPU
		{7F6A1DAB-5B11-4F4F-8EB8-DB95AF9EB0D1}.Debug|Any CPU.ActiveCfg = Debug|Any CPU
		{7F6A1DAB-5B11-4F4F-8EB8-DB95AF9EB0D1}.Debug|Any CPU.Build.0 = Debug|Any CPU
		{7F6A1DAB-5B11-4F4F-8EB8-DB95AF9EB0D1}.Release|Any CPU.ActiveCfg = Release|Any CPU
		{7F6A1DAB-5B11-4F4F-8EB8-DB95AF9EB0D1}.Release|Any CPU.Build.0 = Release|Any CPU
	EndGlobalSection
	GlobalSection(SolutionProperties) = preSolution
		HideSolutionNode = FALSE
	EndGlobalSection
	GlobalSection(ExtensibilityGlobals) = postSolution
		SolutionGuid = {3FC9C436-602C-419C-BF61-7CAB3204B59A}
	EndGlobalSection
EndGlobal
